
Microsoft Visual Studio Solution File, Format Version 12.00
# Visual Studio 2012
Project("{FAE04EC0-301F-11D3-BF4B-00C04F79EFBC}") = "WebSite9", "WebSite9\WebSite9.csproj", "{D65A25D6-7C35-4B5D-A34F-3FEAADD2CF72}"
EndProject
Global
	GlobalSection(SolutionConfigurationPlatforms) = preSolution
		Debug|Any CPU = Debug|Any CPU
		Release|Any CPU = Release|Any CPU
	EndGlobalSection
	GlobalSection(ProjectConfigurationPlatforms) = postSolution
		{D65A25D6-7C35-4B5D-A34F-3FEAADD2CF72}.Debug|Any CPU.ActiveCfg = Debug|Any CPU
		{D65A25D6-7C35-4B5D-A34F-3FEAADD2CF72}.Debug|Any CPU.Build.0 = Debug|Any CPU
		{D65A25D6-7C35-4B5D-A34F-3FEAADD2CF72}.Release|Any CPU.ActiveCfg = Release|Any CPU
		{D65A25D6-7C35-4B5D-A34F-3FEAADD2CF72}.Release|Any CPU.Build.0 = Release|Any CPU
	EndGlobalSection
	GlobalSection(SolutionProperties) = preSolution
		HideSolutionNode = FALSE
	EndGlobalSection
EndGlobal
